
Microsoft Visual Studio Solution File, Format Version 12.00
# Visual Studio Version 17
VisualStudioVersion = 17.5.002.0
MinimumVisualStudioVersion = 10.0.40219.1
Project("{9A19103F-16F7-4668-BE54-9A1E7A4F7556}") = "DesafioProjetoHospedagem", "DesafioProjetoHospedagem.csproj", "{78B93321-7E63-4429-BF74-A70045427B62}"
EndProject
Global
	GlobalSection(SolutionConfigurationPlatforms) = preSolution
		Debug|Any CPU = Debug|Any CPU
		Release|Any CPU = Release|Any CPU
	EndGlobalSection
	GlobalSection(ProjectConfigurationPlatforms) = postSolution
		{78B93321-7E63-4429-BF74-A70045427B62}.Debug|Any CPU.ActiveCfg = Debug|Any CPU
		{78B93321-7E63-4429-BF74-A70045427B62}.Debug|Any CPU.Build.0 = Debug|Any CPU
		{78B93321-7E63-4429-BF74-A70045427B62}.Release|Any CPU.ActiveCfg = Release|Any CPU
		{78B93321-7E63-4429-BF74-A70045427B62}.Release|Any CPU.Build.0 = Release|Any CPU
	EndGlobalSection
	GlobalSection(SolutionProperties) = preSolution
		HideSolutionNode = FALSE
	EndGlobalSection
	GlobalSection(ExtensibilityGlobals) = postSolution
		SolutionGuid = {7112C530-3225-47B5-BA4B-4D10EA1F5B22}
	EndGlobalSection
EndGlobal
